# This file is automatically @generated by Cargo.
# It is not intended for manual editing.
version = 4

[[package]]
name = "darcy-build"
version = "0.1.0"
dependencies = [
 "dslc",
]

[[package]]
name = "darcy-stdlib"
version = "0.1.0"
dependencies = [
 "darcy-build",
]

[[package]]
name = "darcy_app"
version = "0.1.0"
dependencies = [
 "darcy_lib",
]

[[package]]
name = "darcy_lib"
version = "0.1.0"
dependencies = [
 "darcy-build",
 "darcy-stdlib",
]

[[package]]
name = "dslc"
version = "0.1.0"
